{
  "name": "ajs-2",
  "version": "1.0.0",
  "lockfileVersion": 3,
  "requires": true,
  "packages": {
    "": {
      "name": "ajs-2",
      "version": "1.0.0",
      "license": "ISC",
      "dependencies": {
        "@antonpnv/ajs": "^1.0.0"
      }
    },
    "node_modules/@antonpnv/ajs": {
      "version": "1.0.0",
      "resolved": "https://npm.pkg.github.com/download/@antonpnv/ajs/1.0.0/7518970c0db8aca8eb94f1f238440aa62ee56036",
      "integrity": "sha512-K7WbE2DNpSOc7kTqsZ1dncUSngPCIBEfCAc5WMFagkV4fOXWCb52re4NN93y1LgP7TlgqaBx30xXHEDAqw8U0w==",
      "license": "ISC"
    }
  }
}
